
Microsoft Visual Studio Solution File, Format Version 12.00
# Visual Studio Version 17
VisualStudioVersion = 17.6.33829.357
MinimumVisualStudioVersion = 10.0.40219.1
Project("{FAE04EC0-301F-11D3-BF4B-00C04F79EFBC}") = "AzureTableStorageIntegrationTests", "AzureTableStorageIntegrationTests\AzureTableStorageIntegrationTests.csproj", "{3ABE06F5-37A7-4542-8448-F9C7228CD558}"
EndProject
Global
	GlobalSection(SolutionConfigurationPlatforms) = preSolution
		Debug|Any CPU = Debug|Any CPU
		Release|Any CPU = Release|Any CPU
	EndGlobalSection
	GlobalSection(ProjectConfigurationPlatforms) = postSolution
		{3ABE06F5-37A7-4542-8448-F9C7228CD558}.Debug|Any CPU.ActiveCfg = Debug|Any CPU
		{3ABE06F5-37A7-4542-8448-F9C7228CD558}.Debug|Any CPU.Build.0 = Debug|Any CPU
		{3ABE06F5-37A7-4542-8448-F9C7228CD558}.Release|Any CPU.ActiveCfg = Release|Any CPU
		{3ABE06F5-37A7-4542-8448-F9C7228CD558}.Release|Any CPU.Build.0 = Release|Any CPU
	EndGlobalSection
	GlobalSection(SolutionProperties) = preSolution
		HideSolutionNode = FALSE
	EndGlobalSection
	GlobalSection(ExtensibilityGlobals) = postSolution
		SolutionGuid = {46FE536B-7B69-40AF-BC46-07E3D9503AC0}
	EndGlobalSection
EndGlobal
